
Microsoft Visual Studio Solution File, Format Version 12.00
# Visual Studio 14
VisualStudioVersion = 14.0.25123.0
MinimumVisualStudioVersion = 10.0.40219.1
Project("{2150E333-8FDC-42A3-9474-1A3956D46DE8}") = "Source", "Source", "{9E1C9441-F145-44B9-940E-EF5DF8BE0040}"
EndProject
Project("{FAE04EC0-301F-11D3-BF4B-00C04F79EFBC}") = "TennisLeagueWeb", "Source\TennisLeagueWeb\TennisLeagueWeb.csproj", "{5C17CDD3-4E95-4BA0-BB4E-0755361FFB07}"
EndProject
Project("{FAE04EC0-301F-11D3-BF4B-00C04F79EFBC}") = "TennisLeagueComponents", "Source\TennisLeagueComponents\TennisLeagueComponents.csproj", "{75B777E2-AE09-4BE2-A8A8-4B13C10B8671}"
EndProject
Global
	GlobalSection(SolutionConfigurationPlatforms) = preSolution
		Debug|Any CPU = Debug|Any CPU
		Release|Any CPU = Release|Any CPU
	EndGlobalSection
	GlobalSection(ProjectConfigurationPlatforms) = postSolution
		{5C17CDD3-4E95-4BA0-BB4E-0755361FFB07}.Debug|Any CPU.ActiveCfg = Debug|Any CPU
		{5C17CDD3-4E95-4BA0-BB4E-0755361FFB07}.Debug|Any CPU.Build.0 = Debug|Any CPU
		{5C17CDD3-4E95-4BA0-BB4E-0755361FFB07}.Release|Any CPU.ActiveCfg = Release|Any CPU
		{5C17CDD3-4E95-4BA0-BB4E-0755361FFB07}.Release|Any CPU.Build.0 = Release|Any CPU
		{75B777E2-AE09-4BE2-A8A8-4B13C10B8671}.Debug|Any CPU.ActiveCfg = Debug|Any CPU
		{75B777E2-AE09-4BE2-A8A8-4B13C10B8671}.Debug|Any CPU.Build.0 = Debug|Any CPU
		{75B777E2-AE09-4BE2-A8A8-4B13C10B8671}.Release|Any CPU.ActiveCfg = Release|Any CPU
		{75B777E2-AE09-4BE2-A8A8-4B13C10B8671}.Release|Any CPU.Build.0 = Release|Any CPU
	EndGlobalSection
	GlobalSection(SolutionProperties) = preSolution
		HideSolutionNode = FALSE
	EndGlobalSection
	GlobalSection(NestedProjects) = preSolution
		{5C17CDD3-4E95-4BA0-BB4E-0755361FFB07} = {9E1C9441-F145-44B9-940E-EF5DF8BE0040}
		{75B777E2-AE09-4BE2-A8A8-4B13C10B8671} = {9E1C9441-F145-44B9-940E-EF5DF8BE0040}
	EndGlobalSection
EndGlobal
